
Microsoft Visual Studio Solution File, Format Version 12.00
# Visual Studio Version 17
VisualStudioVersion = 17.8.34511.84
MinimumVisualStudioVersion = 10.0.40219.1
Project("{FAE04EC0-301F-11D3-BF4B-00C04F79EFBC}") = "Core-Performance-Monitor", "Core-Performance-Monitor.csproj", "{0840AF3B-2A23-4B8E-BC65-B770F60C4329}"
EndProject
Global
	GlobalSection(SolutionConfigurationPlatforms) = preSolution
		Debug|Any CPU = Debug|Any CPU
		Release|Any CPU = Release|Any CPU
	EndGlobalSection
	GlobalSection(ProjectConfigurationPlatforms) = postSolution
		{0840AF3B-2A23-4B8E-BC65-B770F60C4329}.Debug|Any CPU.ActiveCfg = Debug|Any CPU
		{0840AF3B-2A23-4B8E-BC65-B770F60C4329}.Debug|Any CPU.Build.0 = Debug|Any CPU
		{0840AF3B-2A23-4B8E-BC65-B770F60C4329}.Release|Any CPU.ActiveCfg = Release|Any CPU
		{0840AF3B-2A23-4B8E-BC65-B770F60C4329}.Release|Any CPU.Build.0 = Release|Any CPU
	EndGlobalSection
	GlobalSection(SolutionProperties) = preSolution
		HideSolutionNode = FALSE
	EndGlobalSection
	GlobalSection(ExtensibilityGlobals) = postSolution
		SolutionGuid = {CDE36BE9-E1ED-41BF-BE4E-B9EAECBCC1CD}
	EndGlobalSection
EndGlobal
